
Microsoft Visual Studio Solution File, Format Version 12.00
# Visual Studio Version 16
VisualStudioVersion = 16.0.31624.102
MinimumVisualStudioVersion = 10.0.40219.1
Project("{FAE04EC0-301F-11D3-BF4B-00C04F79EFBC}") = "location", "location\location.csproj", "{287A421A-7E14-4AA2-8293-E8B5378383EC}"
EndProject
Global
	GlobalSection(SolutionConfigurationPlatforms) = preSolution
		Debug|Any CPU = Debug|Any CPU
		Release|Any CPU = Release|Any CPU
	EndGlobalSection
	GlobalSection(ProjectConfigurationPlatforms) = postSolution
		{287A421A-7E14-4AA2-8293-E8B5378383EC}.Debug|Any CPU.ActiveCfg = Debug|Any CPU
		{287A421A-7E14-4AA2-8293-E8B5378383EC}.Debug|Any CPU.Build.0 = Debug|Any CPU
		{287A421A-7E14-4AA2-8293-E8B5378383EC}.Release|Any CPU.ActiveCfg = Release|Any CPU
		{287A421A-7E14-4AA2-8293-E8B5378383EC}.Release|Any CPU.Build.0 = Release|Any CPU
	EndGlobalSection
	GlobalSection(SolutionProperties) = preSolution
		HideSolutionNode = FALSE
	EndGlobalSection
	GlobalSection(ExtensibilityGlobals) = postSolution
		SolutionGuid = {F9FD372F-1E19-4D4F-AA70-D17990308FBA}
	EndGlobalSection
EndGlobal
